<?xml version="1.0" encoding="utf-8"?>
<Project ToolsVersion="4.0" xmlns="http://schemas.microsoft.com/developer/msbuild/2003">
  <ItemGroup>
    <Filter Include="Game">
      <UniqueIdentifier>{78475bdb-f240-4113-aadc-04b9e6e0632e}</UniqueIdentifier>
    </Filter>
    <Filter Include="Main">
      <UniqueIdentifier>{b8f6fd41-d812-4b9e-b0e6-b49d28e88630}</UniqueIdentifier>
    </Filter>
    <Filter Include="Shaders">
      <UniqueIdentifier>{acb24df7-7dc7-411a-b838-96a78464fc39}</UniqueIdentifier>
    </Filter>
    <Filter Include="Main\Camera">
      <UniqueIdentifier>{612ebdc3-c04b-44dc-8a31-a62fe7d54031}</UniqueIdentifier>
    </Filter>
  </ItemGroup>
  <ItemGroup>
    <ClCompile Include="pch.cpp" />
    <ClCompile Include="Game\01. TriangleDemo.cpp">
      <Filter>Game</Filter>
    </ClCompile>
    <ClCompile Include="Main\Main.cpp">
      <Filter>Main</Filter>
    </ClCompile>
    <ClCompile Include="Game\02. QuadDemo.cpp">
      <Filter>Game</Filter>
    </ClCompile>
    <ClCompile Include="Game\03. ConstBufferDemo.cpp">
      <Filter>Game</Filter>
    </ClCompile>
    <ClCompile Include="Game\04. CameraDemo.cpp">
      <Filter>Game</Filter>
    </ClCompile>
    <ClCompile Include="Main\Camera\CameraScript.cpp">
      <Filter>Main\Camera</Filter>
    </ClCompile>
    <ClCompile Include="Game\05. TextureDemo.cpp">
      <Filter>Game</Filter>
    </ClCompile>
    <ClCompile Include="Game\06. SamplerDemo.cpp">
      <Filter>Game</Filter>
    </ClCompile>
    <ClCompile Include="Game\07. HeightMapDemo.cpp">
      <Filter>Game</Filter>
    </ClCompile>
  </ItemGroup>
  <ItemGroup>
    <ClInclude Include="pch.h" />
    <ClInclude Include="Game\01. TriangleDemo.h">
      <Filter>Game</Filter>
    </ClInclude>
    <ClInclude Include="Main\Main.h">
      <Filter>Main</Filter>
    </ClInclude>
    <ClInclude Include="Game\02. QuadDemo.h">
      <Filter>Game</Filter>
    </ClInclude>
    <ClInclude Include="Game\03. ConstBufferDemo.h">
      <Filter>Game</Filter>
    </ClInclude>
    <ClInclude Include="Game\04. CameraDemo.h">
      <Filter>Game</Filter>
    </ClInclude>
    <ClInclude Include="Main\Camera\CameraScript.h">
      <Filter>Main\Camera</Filter>
    </ClInclude>
    <ClInclude Include="Game\05. TextureDemo.h">
      <Filter>Game</Filter>
    </ClInclude>
    <ClInclude Include="Game\06. SamplerDemo.h">
      <Filter>Game</Filter>
    </ClInclude>
    <ClInclude Include="Game\07. HeightMapDemo.h">
      <Filter>Game</Filter>
    </ClInclude>
  </ItemGroup>
  <ItemGroup>
    <FxCompile Include="..\Shaders\01. Triangle.fx">
      <Filter>Shaders</Filter>
    </FxCompile>
    <FxCompile Include="..\Shaders\02. Quad.fx">
      <Filter>Shaders</Filter>
    </FxCompile>
    <FxCompile Include="..\Shaders\03. ConstBuffer.fx">
      <Filter>Shaders</Filter>
    </FxCompile>
    <FxCompile Include="..\Shaders\04. Texture.fx">
      <Filter>Shaders</Filter>
    </FxCompile>
    <FxCompile Include="..\Shaders\05. Sampler.fx">
      <Filter>Shaders</Filter>
    </FxCompile>
    <FxCompile Include="..\Shaders\06. Terrain.fx">
      <Filter>Shaders</Filter>
    </FxCompile>
  </ItemGroup>
</Project>