<?xml version="1.0" encoding="utf-8"?>
<Project ToolsVersion="4.0" xmlns="http://schemas.microsoft.com/developer/msbuild/2003">
  <ItemGroup>
    <Filter Include="소스 파일">
      <UniqueIdentifier>{4FC737F1-C7A5-4376-A066-2A32D752A2FF}</UniqueIdentifier>
      <Extensions>cpp;c;cc;cxx;c++;cppm;ixx;def;odl;idl;hpj;bat;asm;asmx</Extensions>
    </Filter>
    <Filter Include="리소스 파일">
      <UniqueIdentifier>{67DA6AB6-F800-4c08-8B7A-83BB121AAD01}</UniqueIdentifier>
      <Extensions>rc;ico;cur;bmp;dlg;rc2;rct;bin;rgs;gif;jpg;jpeg;jpe;resx;tiff;tif;png;wav;mfcribbon-ms</Extensions>
    </Filter>
    <Filter Include="소스 파일\99. Headers">
      <UniqueIdentifier>{e9a7bf32-a131-429a-8d35-2d5ca8054440}</UniqueIdentifier>
    </Filter>
    <Filter Include="소스 파일\01. Main">
      <UniqueIdentifier>{12d0d497-9a89-45e8-b7bc-d0c6dcc846bb}</UniqueIdentifier>
    </Filter>
    <Filter Include="소스 파일\98. Shaders">
      <UniqueIdentifier>{772d3d6a-174a-4991-81ab-23a744683703}</UniqueIdentifier>
    </Filter>
    <Filter Include="소스 파일\99. Headers\NoUse">
      <UniqueIdentifier>{4a0e3d4c-4651-4704-932f-51285b1409b4}</UniqueIdentifier>
    </Filter>
    <Filter Include="소스 파일\Util">
      <UniqueIdentifier>{57e157fb-2c40-45be-8306-065dd4e351ef}</UniqueIdentifier>
    </Filter>
    <Filter Include="소스 파일\00. Engine">
      <UniqueIdentifier>{098423b8-7687-4034-b9c3-8cc11a53c704}</UniqueIdentifier>
    </Filter>
    <Filter Include="소스 파일\00. Engine\Pipeline">
      <UniqueIdentifier>{2360d320-d1ca-435c-b119-4fe21db40025}</UniqueIdentifier>
    </Filter>
    <Filter Include="소스 파일\00. Engine\Pipeline\00. Geometry">
      <UniqueIdentifier>{b8e14888-d776-4200-b456-8f7cc56edc8d}</UniqueIdentifier>
    </Filter>
    <Filter Include="소스 파일\00. Engine\Pipeline\01. InputAssembler">
      <UniqueIdentifier>{a62e0b1f-1e38-47c7-bb03-b2ba3a4828dd}</UniqueIdentifier>
    </Filter>
    <Filter Include="소스 파일\00. Engine\Pipeline\02. VertexShader">
      <UniqueIdentifier>{b70e5f5f-d6c7-4c81-84e0-57428d1d67dc}</UniqueIdentifier>
    </Filter>
    <Filter Include="소스 파일\00. Engine\Pipeline\03. Rasterizer">
      <UniqueIdentifier>{e225387a-732d-456e-91b6-93eab8cc4047}</UniqueIdentifier>
    </Filter>
    <Filter Include="소스 파일\00. Engine\Pipeline\04. PixelShader">
      <UniqueIdentifier>{23fc083b-c22e-4840-b569-47eb238fa420}</UniqueIdentifier>
    </Filter>
    <Filter Include="소스 파일\00. Engine\Pipeline\05. OutputMerger">
      <UniqueIdentifier>{2e07bb2a-3324-444c-8316-c21cd5ef033e}</UniqueIdentifier>
    </Filter>
    <Filter Include="소스 파일\00. Engine\GameObject">
      <UniqueIdentifier>{4811c1ce-397f-4be7-80e1-93e3d43eef9d}</UniqueIdentifier>
    </Filter>
    <Filter Include="소스 파일\00. Engine\Component">
      <UniqueIdentifier>{cb27fb90-46b9-4c0b-bbed-a1ff17373af4}</UniqueIdentifier>
    </Filter>
    <Filter Include="소스 파일\00. Engine\Component\Animation">
      <UniqueIdentifier>{6e38998f-c48c-4e7a-aad4-9d26e414b8b2}</UniqueIdentifier>
    </Filter>
    <Filter Include="소스 파일\00. Engine\Component\Rendering">
      <UniqueIdentifier>{95fb93c1-419c-43f1-8fcb-e0349c5ba362}</UniqueIdentifier>
    </Filter>
    <Filter Include="소스 파일\00. Engine\Component\Camera">
      <UniqueIdentifier>{b1d6f45c-f390-4a1c-a2a2-c88ea20898d4}</UniqueIdentifier>
    </Filter>
    <Filter Include="소스 파일\00. Engine\Manager">
      <UniqueIdentifier>{671eaf37-2302-4614-a9d4-47cc300c0386}</UniqueIdentifier>
    </Filter>
    <Filter Include="소스 파일\00. Engine\Manager\Input">
      <UniqueIdentifier>{51bf57d2-baef-484d-8591-e994bd05bab0}</UniqueIdentifier>
    </Filter>
    <Filter Include="소스 파일\00. Engine\Manager\Scene">
      <UniqueIdentifier>{6986f324-6aaa-4a77-93d2-87cf0f62864d}</UniqueIdentifier>
    </Filter>
    <Filter Include="소스 파일\00. Engine\Manager\Time">
      <UniqueIdentifier>{8a422a63-1e4b-4e05-97c3-d2dc504c23b1}</UniqueIdentifier>
    </Filter>
    <Filter Include="소스 파일\00. Engine\Manager\Resource">
      <UniqueIdentifier>{91d0d133-d590-482a-a4a2-2f0850881806}</UniqueIdentifier>
    </Filter>
    <Filter Include="소스 파일\00. Engine\Resource">
      <UniqueIdentifier>{feb9533e-ac9f-4a08-8365-8b6430588c87}</UniqueIdentifier>
    </Filter>
    <Filter Include="소스 파일\00. Engine\Manager\Render">
      <UniqueIdentifier>{b5d4612e-9792-41c4-acc8-10c15fc9f74e}</UniqueIdentifier>
    </Filter>
  </ItemGroup>
  <ItemGroup>
    <ClInclude Include="JJHDirectX11Coding.h">
      <Filter>소스 파일\01. Main</Filter>
    </ClInclude>
    <ClInclude Include="pch.h">
      <Filter>소스 파일\99. Headers</Filter>
    </ClInclude>
    <ClInclude Include="framework.h">
      <Filter>소스 파일\99. Headers\NoUse</Filter>
    </ClInclude>
    <ClInclude Include="Resource.h">
      <Filter>소스 파일\99. Headers\NoUse</Filter>
    </ClInclude>
    <ClInclude Include="targetver.h">
      <Filter>소스 파일\99. Headers\NoUse</Filter>
    </ClInclude>
    <ClInclude Include="Values.h">
      <Filter>소스 파일\99. Headers</Filter>
    </ClInclude>
    <ClInclude Include="Struct.h">
      <Filter>소스 파일\99. Headers</Filter>
    </ClInclude>
    <ClInclude Include="Types.h">
      <Filter>소스 파일\99. Headers</Filter>
    </ClInclude>
    <ClInclude Include="Macro.h">
      <Filter>소스 파일\99. Headers</Filter>
    </ClInclude>
    <ClInclude Include="SimpleMath.h">
      <Filter>소스 파일\Util</Filter>
    </ClInclude>
    <ClInclude Include="IndexBuffer.h">
      <Filter>소스 파일\00. Engine\Pipeline\01. InputAssembler</Filter>
    </ClInclude>
    <ClInclude Include="InputLayout.h">
      <Filter>소스 파일\00. Engine\Pipeline\01. InputAssembler</Filter>
    </ClInclude>
    <ClInclude Include="VertexBuffer.h">
      <Filter>소스 파일\00. Engine\Pipeline\01. InputAssembler</Filter>
    </ClInclude>
    <ClInclude Include="Game.h">
      <Filter>소스 파일\01. Main</Filter>
    </ClInclude>
    <ClInclude Include="Graphics.h">
      <Filter>소스 파일\00. Engine\Pipeline</Filter>
    </ClInclude>
    <ClInclude Include="GeometryHelper.h">
      <Filter>소스 파일\00. Engine\Pipeline\00. Geometry</Filter>
    </ClInclude>
    <ClInclude Include="Geometry.h">
      <Filter>소스 파일\00. Engine\Pipeline\00. Geometry</Filter>
    </ClInclude>
    <ClInclude Include="VertexData.h">
      <Filter>소스 파일\00. Engine\Pipeline\00. Geometry</Filter>
    </ClInclude>
    <ClInclude Include="ShaderBase.h">
      <Filter>소스 파일\00. Engine\Pipeline\02. VertexShader</Filter>
    </ClInclude>
    <ClInclude Include="ConstantBuffer.h">
      <Filter>소스 파일\00. Engine\Pipeline\02. VertexShader</Filter>
    </ClInclude>
    <ClInclude Include="RasterizerState.h">
      <Filter>소스 파일\00. Engine\Pipeline\03. Rasterizer</Filter>
    </ClInclude>
    <ClInclude Include="BlendState.h">
      <Filter>소스 파일\00. Engine\Pipeline\05. OutputMerger</Filter>
    </ClInclude>
    <ClInclude Include="SamplerState.h">
      <Filter>소스 파일\00. Engine\Pipeline\04. PixelShader</Filter>
    </ClInclude>
    <ClInclude Include="Pipeline.h">
      <Filter>소스 파일\00. Engine\Pipeline</Filter>
    </ClInclude>
    <ClInclude Include="GameObject.h">
      <Filter>소스 파일\00. Engine\GameObject</Filter>
    </ClInclude>
    <ClInclude Include="Component.h">
      <Filter>소스 파일\00. Engine\Component</Filter>
    </ClInclude>
    <ClInclude Include="Camera.h">
      <Filter>소스 파일\00. Engine\Component\Camera</Filter>
    </ClInclude>
    <ClInclude Include="Monobehaviour.h">
      <Filter>소스 파일\00. Engine\Component</Filter>
    </ClInclude>
    <ClInclude Include="Transform.h">
      <Filter>소스 파일\00. Engine\Component</Filter>
    </ClInclude>
    <ClInclude Include="MeshRenderer.h">
      <Filter>소스 파일\00. Engine\Component\Rendering</Filter>
    </ClInclude>
    <ClInclude Include="SceneManager.h">
      <Filter>소스 파일\00. Engine\Manager\Scene</Filter>
    </ClInclude>
    <ClInclude Include="Scene.h">
      <Filter>소스 파일\00. Engine\Manager\Scene</Filter>
    </ClInclude>
    <ClInclude Include="InputManager.h">
      <Filter>소스 파일\00. Engine\Manager\Input</Filter>
    </ClInclude>
    <ClInclude Include="TimeManager.h">
      <Filter>소스 파일\00. Engine\Manager\Time</Filter>
    </ClInclude>
    <ClInclude Include="ResourceManager.h">
      <Filter>소스 파일\00. Engine\Manager\Resource</Filter>
    </ClInclude>
    <ClInclude Include="ResourceBase.h">
      <Filter>소스 파일\00. Engine\Manager\Resource</Filter>
    </ClInclude>
    <ClInclude Include="Texture.h">
      <Filter>소스 파일\00. Engine\Resource</Filter>
    </ClInclude>
    <ClInclude Include="Shader.h">
      <Filter>소스 파일\00. Engine\Resource</Filter>
    </ClInclude>
    <ClInclude Include="Material.h">
      <Filter>소스 파일\00. Engine\Resource</Filter>
    </ClInclude>
    <ClInclude Include="Mesh.h">
      <Filter>소스 파일\00. Engine\Resource</Filter>
    </ClInclude>
    <ClInclude Include="Animation.h">
      <Filter>소스 파일\00. Engine\Resource</Filter>
    </ClInclude>
    <ClInclude Include="RenderManager.h">
      <Filter>소스 파일\00. Engine\Manager\Render</Filter>
    </ClInclude>
    <ClInclude Include="RenderHelper.h">
      <Filter>소스 파일\00. Engine\Manager\Render</Filter>
    </ClInclude>
    <ClInclude Include="Animator.h">
      <Filter>소스 파일\00. Engine\Component\Animation</Filter>
    </ClInclude>
    <ClInclude Include="tinyxml2.h">
      <Filter>소스 파일\Util</Filter>
    </ClInclude>
  </ItemGroup>
  <ItemGroup>
    <ResourceCompile Include="JJHDirectX11Coding.rc">
      <Filter>리소스 파일</Filter>
    </ResourceCompile>
  </ItemGroup>
  <ItemGroup>
    <Image Include="small.ico">
      <Filter>리소스 파일</Filter>
    </Image>
    <Image Include="JJHDirectX11Coding.ico">
      <Filter>리소스 파일</Filter>
    </Image>
  </ItemGroup>
  <ItemGroup>
    <ClCompile Include="JJHDirectX11Coding.cpp">
      <Filter>소스 파일\01. Main</Filter>
    </ClCompile>
    <ClCompile Include="pch.cpp">
      <Filter>소스 파일\99. Headers</Filter>
    </ClCompile>
    <ClCompile Include="SimpleMath.cpp">
      <Filter>소스 파일\Util</Filter>
    </ClCompile>
    <ClCompile Include="IndexBuffer.cpp">
      <Filter>소스 파일\00. Engine\Pipeline\01. InputAssembler</Filter>
    </ClCompile>
    <ClCompile Include="InputLayout.cpp">
      <Filter>소스 파일\00. Engine\Pipeline\01. InputAssembler</Filter>
    </ClCompile>
    <ClCompile Include="VertexBuffer.cpp">
      <Filter>소스 파일\00. Engine\Pipeline\01. InputAssembler</Filter>
    </ClCompile>
    <ClCompile Include="Game.cpp">
      <Filter>소스 파일\01. Main</Filter>
    </ClCompile>
    <ClCompile Include="Graphics.cpp">
      <Filter>소스 파일\00. Engine\Pipeline</Filter>
    </ClCompile>
    <ClCompile Include="Geometry.cpp">
      <Filter>소스 파일\00. Engine\Pipeline\00. Geometry</Filter>
    </ClCompile>
    <ClCompile Include="GeometryHelper.cpp">
      <Filter>소스 파일\00. Engine\Pipeline\00. Geometry</Filter>
    </ClCompile>
    <ClCompile Include="VertexData.cpp">
      <Filter>소스 파일\00. Engine\Pipeline\00. Geometry</Filter>
    </ClCompile>
    <ClCompile Include="ShaderBase.cpp">
      <Filter>소스 파일\00. Engine\Pipeline\02. VertexShader</Filter>
    </ClCompile>
    <ClCompile Include="ConstantBuffer.cpp">
      <Filter>소스 파일\00. Engine\Pipeline\02. VertexShader</Filter>
    </ClCompile>
    <ClCompile Include="RasterizerState.cpp">
      <Filter>소스 파일\00. Engine\Pipeline\03. Rasterizer</Filter>
    </ClCompile>
    <ClCompile Include="BlendState.cpp">
      <Filter>소스 파일\00. Engine\Pipeline\05. OutputMerger</Filter>
    </ClCompile>
    <ClCompile Include="SamplerState.cpp">
      <Filter>소스 파일\00. Engine\Pipeline\04. PixelShader</Filter>
    </ClCompile>
    <ClCompile Include="Pipeline.cpp">
      <Filter>소스 파일\00. Engine\Pipeline</Filter>
    </ClCompile>
    <ClCompile Include="GameObject.cpp">
      <Filter>소스 파일\00. Engine\GameObject</Filter>
    </ClCompile>
    <ClCompile Include="Component.cpp">
      <Filter>소스 파일\00. Engine\Component</Filter>
    </ClCompile>
    <ClCompile Include="Transform.cpp">
      <Filter>소스 파일\00. Engine\Component</Filter>
    </ClCompile>
    <ClCompile Include="Camera.cpp">
      <Filter>소스 파일\00. Engine\Component\Camera</Filter>
    </ClCompile>
    <ClCompile Include="Monobehaviour.cpp">
      <Filter>소스 파일\00. Engine\Component</Filter>
    </ClCompile>
    <ClCompile Include="MeshRenderer.cpp">
      <Filter>소스 파일\00. Engine\Component\Rendering</Filter>
    </ClCompile>
    <ClCompile Include="SceneManager.cpp">
      <Filter>소스 파일\00. Engine\Manager\Scene</Filter>
    </ClCompile>
    <ClCompile Include="Scene.cpp">
      <Filter>소스 파일\00. Engine\Manager\Scene</Filter>
    </ClCompile>
    <ClCompile Include="InputManager.cpp">
      <Filter>소스 파일\00. Engine\Manager\Input</Filter>
    </ClCompile>
    <ClCompile Include="TimeManager.cpp">
      <Filter>소스 파일\00. Engine\Manager\Time</Filter>
    </ClCompile>
    <ClCompile Include="ResourceManager.cpp">
      <Filter>소스 파일\00. Engine\Manager\Resource</Filter>
    </ClCompile>
    <ClCompile Include="ResourceBase.cpp">
      <Filter>소스 파일\00. Engine\Manager\Resource</Filter>
    </ClCompile>
    <ClCompile Include="Texture.cpp">
      <Filter>소스 파일\00. Engine\Resource</Filter>
    </ClCompile>
    <ClCompile Include="Shader.cpp">
      <Filter>소스 파일\00. Engine\Resource</Filter>
    </ClCompile>
    <ClCompile Include="Material.cpp">
      <Filter>소스 파일\00. Engine\Resource</Filter>
    </ClCompile>
    <ClCompile Include="Mesh.cpp">
      <Filter>소스 파일\00. Engine\Resource</Filter>
    </ClCompile>
    <ClCompile Include="Animation.cpp">
      <Filter>소스 파일\00. Engine\Resource</Filter>
    </ClCompile>
    <ClCompile Include="RenderManager.cpp">
      <Filter>소스 파일\00. Engine\Manager\Render</Filter>
    </ClCompile>
    <ClCompile Include="RenderHelper.cpp">
      <Filter>소스 파일\00. Engine\Manager\Render</Filter>
    </ClCompile>
    <ClCompile Include="Animator.cpp">
      <Filter>소스 파일\00. Engine\Component\Animation</Filter>
    </ClCompile>
    <ClCompile Include="tinyxml2.cpp">
      <Filter>소스 파일\Util</Filter>
    </ClCompile>
  </ItemGroup>
  <ItemGroup>
    <FxCompile Include="Default.hlsl">
      <Filter>소스 파일\98. Shaders</Filter>
    </FxCompile>
    <FxCompile Include="Color.hlsl">
      <Filter>소스 파일\98. Shaders</Filter>
    </FxCompile>
  </ItemGroup>
  <ItemGroup>
    <None Include="SimpleMath.inl">
      <Filter>소스 파일\Util</Filter>
    </None>
  </ItemGroup>
</Project>